// !$*UTF8*$!
{
	archiveVersion = 1;
	classes = {
	};
	objectVersion = 56;
	objects = {

/* Begin PBXBuildFile section */
		39DBBE2F2B875969005A8B8A /* AppDelegate.swift in Sources */ = {isa = PBXBuildFile; fileRef = 39DBBE2E2B875969005A8B8A /* AppDelegate.swift */; };
		39DBBE312B875969005A8B8A /* SceneDelegate.swift in Sources */ = {isa = PBXBuildFile; fileRef = 39DBBE302B875969005A8B8A /* SceneDelegate.swift */; };
		39DBBE332B875969005A8B8A /* ViewController.swift in Sources */ = {isa = PBXBuildFile; fileRef = 39DBBE322B875969005A8B8A /* ViewController.swift */; };
		39DBBE362B875969005A8B8A /* Main.storyboard in Resources */ = {isa = PBXBuildFile; fileRef = 39DBBE342B875969005A8B8A /* Main.storyboard */; };
		39DBBE382B87596C005A8B8A /* Assets.xcassets in Resources */ = {isa = PBXBuildFile; fileRef = 39DBBE372B87596C005A8B8A /* Assets.xcassets */; };
		39DBBE3B2B87596C005A8B8A /* LaunchScreen.storyboard in Resources */ = {isa = PBXBuildFile; fileRef = 39DBBE392B87596C005A8B8A /* LaunchScreen.storyboard */; };
		39DBBE432B8759CC005A8B8A /* LoginViewController.swift in Sources */ = {isa = PBXBuildFile; fileRef = 39DBBE422B8759CC005A8B8A /* LoginViewController.swift */; };
		39DBBE452B875A1F005A8B8A /* inputTextField.swift in Sources */ = {isa = PBXBuildFile; fileRef = 39DBBE442B875A1F005A8B8A /* inputTextField.swift */; };
		39DBBE482B875BAC005A8B8A /* guideLabel.swift in Sources */ = {isa = PBXBuildFile; fileRef = 39DBBE472B875BAC005A8B8A /* guideLabel.swift */; };
		39DBBE4C2B875C52005A8B8A /* BaseViewController.swift in Sources */ = {isa = PBXBuildFile; fileRef = 39DBBE4B2B875C52005A8B8A /* BaseViewController.swift */; };
		39DBBE4F2B875D35005A8B8A /* SnapKit in Frameworks */ = {isa = PBXBuildFile; productRef = 39DBBE4E2B875D35005A8B8A /* SnapKit */; };
		39DBBE512B875D35005A8B8A /* SnapKit-Dynamic in Frameworks */ = {isa = PBXBuildFile; productRef = 39DBBE502B875D35005A8B8A /* SnapKit-Dynamic */; };
		39DBBE532B8764E8005A8B8A /* LoginViewModel.swift in Sources */ = {isa = PBXBuildFile; fileRef = 39DBBE522B8764E8005A8B8A /* LoginViewModel.swift */; };
		39DBBE552B876906005A8B8A /* Observable.swift in Sources */ = {isa = PBXBuildFile; fileRef = 39DBBE542B876906005A8B8A /* Observable.swift */; };
		39DBBE572B87ABB4005A8B8A /* Login.swift in Sources */ = {isa = PBXBuildFile; fileRef = 39DBBE562B87ABB4005A8B8A /* Login.swift */; };
/* End PBXBuildFile section */

/* Begin PBXFileReference section */
		39DBBE2B2B875969005A8B8A /* PracticeMVVM.app */ = {isa = PBXFileReference; explicitFileType = wrapper.application; includeInIndex = 0; path = PracticeMVVM.app; sourceTree = BUILT_PRODUCTS_DIR; };
		39DBBE2E2B875969005A8B8A /* AppDelegate.swift */ = {isa = PBXFileReference; lastKnownFileType = sourcecode.swift; path = AppDelegate.swift; sourceTree = "<group>"; };
		39DBBE302B875969005A8B8A /* SceneDelegate.swift */ = {isa = PBXFileReference; lastKnownFileType = sourcecode.swift; path = SceneDelegate.swift; sourceTree = "<group>"; };
		39DBBE322B875969005A8B8A /* ViewController.swift */ = {isa = PBXFileReference; lastKnownFileType = sourcecode.swift; path = ViewController.swift; sourceTree = "<group>"; };
		39DBBE352B875969005A8B8A /* Base */ = {isa = PBXFileReference; lastKnownFileType = file.storyboard; name = Base; path = Base.lproj/Main.storyboard; sourceTree = "<group>"; };
		39DBBE372B87596C005A8B8A /* Assets.xcassets */ = {isa = PBXFileReference; lastKnownFileType = folder.assetcatalog; path = Assets.xcassets; sourceTree = "<group>"; };
		39DBBE3A2B87596C005A8B8A /* Base */ = {isa = PBXFileReference; lastKnownFileType = file.storyboard; name = Base; path = Base.lproj/LaunchScreen.storyboard; sourceTree = "<group>"; };
		39DBBE3C2B87596C005A8B8A /* Info.plist */ = {isa = PBXFileReference; lastKnownFileType = text.plist.xml; path = Info.plist; sourceTree = "<group>"; };
		39DBBE422B8759CC005A8B8A /* LoginViewController.swift */ = {isa = PBXFileReference; lastKnownFileType = sourcecode.swift; path = LoginViewController.swift; sourceTree = "<group>"; };
		39DBBE442B875A1F005A8B8A /* inputTextField.swift */ = {isa = PBXFileReference; lastKnownFileType = sourcecode.swift; path = inputTextField.swift; sourceTree = "<group>"; };
		39DBBE472B875BAC005A8B8A /* guideLabel.swift */ = {isa = PBXFileReference; lastKnownFileType = sourcecode.swift; path = guideLabel.swift; sourceTree = "<group>"; };
		39DBBE4B2B875C52005A8B8A /* BaseViewController.swift */ = {isa = PBXFileReference; lastKnownFileType = sourcecode.swift; path = BaseViewController.swift; sourceTree = "<group>"; };
		39DBBE522B8764E8005A8B8A /* LoginViewModel.swift */ = {isa = PBXFileReference; lastKnownFileType = sourcecode.swift; path = LoginViewModel.swift; sourceTree = "<group>"; };
		39DBBE542B876906005A8B8A /* Observable.swift */ = {isa = PBXFileReference; lastKnownFileType = sourcecode.swift; path = Observable.swift; sourceTree = "<group>"; };
		39DBBE562B87ABB4005A8B8A /* Login.swift */ = {isa = PBXFileReference; lastKnownFileType = sourcecode.swift; path = Login.swift; sourceTree = "<group>"; };
/* End PBXFileReference section */

/* Begin PBXFrameworksBuildPhase section */
		39DBBE282B875969005A8B8A /* Frameworks */ = {
			isa = PBXFrameworksBuildPhase;
			buildActionMask = 2147483647;
			files = (
				39DBBE4F2B875D35005A8B8A /* SnapKit in Frameworks */,
				39DBBE512B875D35005A8B8A /* SnapKit-Dynamic in Frameworks */,
			);
			runOnlyForDeploymentPostprocessing = 0;
		};
/* End PBXFrameworksBuildPhase section */

/* Begin PBXGroup section */
		39DBBE222B875969005A8B8A = {
			isa = PBXGroup;
			children = (
				39DBBE2D2B875969005A8B8A /* PracticeMVVM */,
				39DBBE2C2B875969005A8B8A /* Products */,
			);
			sourceTree = "<group>";
		};
		39DBBE2C2B875969005A8B8A /* Products */ = {
			isa = PBXGroup;
			children = (
				39DBBE2B2B875969005A8B8A /* PracticeMVVM.app */,
			);
			name = Products;
			sourceTree = "<group>";
		};
		39DBBE2D2B875969005A8B8A /* PracticeMVVM */ = {
			isa = PBXGroup;
			children = (
				39DBBE542B876906005A8B8A /* Observable.swift */,
				39DBBE4A2B875C36005A8B8A /* Login */,
				39DBBE492B875C2B005A8B8A /* Base */,
				39DBBE462B875B97005A8B8A /* CustomView */,
				39DBBE2E2B875969005A8B8A /* AppDelegate.swift */,
				39DBBE302B875969005A8B8A /* SceneDelegate.swift */,
				39DBBE322B875969005A8B8A /* ViewController.swift */,
				39DBBE342B875969005A8B8A /* Main.storyboard */,
				39DBBE372B87596C005A8B8A /* Assets.xcassets */,
				39DBBE392B87596C005A8B8A /* LaunchScreen.storyboard */,
				39DBBE3C2B87596C005A8B8A /* Info.plist */,
			);
			path = PracticeMVVM;
			sourceTree = "<group>";
		};
		39DBBE462B875B97005A8B8A /* CustomView */ = {
			isa = PBXGroup;
			children = (
				39DBBE472B875BAC005A8B8A /* guideLabel.swift */,
				39DBBE442B875A1F005A8B8A /* inputTextField.swift */,
			);
			path = CustomView;
			sourceTree = "<group>";
		};
		39DBBE492B875C2B005A8B8A /* Base */ = {
			isa = PBXGroup;
			children = (
				39DBBE4B2B875C52005A8B8A /* BaseViewController.swift */,
			);
			path = Base;
			sourceTree = "<group>";
		};
		39DBBE4A2B875C36005A8B8A /* Login */ = {
			isa = PBXGroup;
			children = (
				39DBBE562B87ABB4005A8B8A /* Login.swift */,
				39DBBE422B8759CC005A8B8A /* LoginViewController.swift */,
				39DBBE522B8764E8005A8B8A /* LoginViewModel.swift */,
			);
			path = Login;
			sourceTree = "<group>";
		};
/* End PBXGroup section */

/* Begin PBXNativeTarget section */
		39DBBE2A2B875969005A8B8A /* PracticeMVVM */ = {
			isa = PBXNativeTarget;
			buildConfigurationList = 39DBBE3F2B87596C005A8B8A /* Build configuration list for PBXNativeTarget "PracticeMVVM" */;
			buildPhases = (
				39DBBE272B875969005A8B8A /* Sources */,
				39DBBE282B875969005A8B8A /* Frameworks */,
				39DBBE292B875969005A8B8A /* Resources */,
			);
			buildRules = (
			);
			dependencies = (
			);
			name = PracticeMVVM;
			packageProductDependencies = (
				39DBBE4E2B875D35005A8B8A /* SnapKit */,
				39DBBE502B875D35005A8B8A /* SnapKit-Dynamic */,
			);
			productName = PracticeMVVM;
			productReference = 39DBBE2B2B875969005A8B8A /* PracticeMVVM.app */;
			productType = "com.apple.product-type.application";
		};
/* End PBXNativeTarget section */

/* Begin PBXProject section */
		39DBBE232B875969005A8B8A /* Project object */ = {
			isa = PBXProject;
			attributes = {
				BuildIndependentTargetsInParallel = 1;
				LastSwiftUpdateCheck = 1520;
				LastUpgradeCheck = 1520;
				TargetAttributes = {
					39DBBE2A2B875969005A8B8A = {
						CreatedOnToolsVersion = 15.2;
					};
				};
			};
			buildConfigurationList = 39DBBE262B875969005A8B8A /* Build configuration list for PBXProject "PracticeMVVM" */;
			compatibilityVersion = "Xcode 14.0";
			developmentRegion = en;
			hasScannedForEncodings = 0;
			knownRegions = (
				en,
				Base,
			);
			mainGroup = 39DBBE222B875969005A8B8A;
			packageReferences = (
				39DBBE4D2B875D35005A8B8A /* XCRemoteSwiftPackageReference "SnapKit" */,
			);
			productRefGroup = 39DBBE2C2B875969005A8B8A /* Products */;
			projectDirPath = "";
			projectRoot = "";
			targets = (
				39DBBE2A2B875969005A8B8A /* PracticeMVVM */,
			);
		};
/* End PBXProject section */

/* Begin PBXResourcesBuildPhase section */
		39DBBE292B875969005A8B8A /* Resources */ = {
			isa = PBXResourcesBuildPhase;
			buildActionMask = 2147483647;
			files = (
				39DBBE3B2B87596C005A8B8A /* LaunchScreen.storyboard in Resources */,
				39DBBE382B87596C005A8B8A /* Assets.xcassets in Resources */,
				39DBBE362B875969005A8B8A /* Main.storyboard in Resources */,
			);
			runOnlyForDeploymentPostprocessing = 0;
		};
/* End PBXResourcesBuildPhase section */

/* Begin PBXSourcesBuildPhase section */
		39DBBE272B875969005A8B8A /* Sources */ = {
			isa = PBXSourcesBuildPhase;
			buildActionMask = 2147483647;
			files = (
				39DBBE432B8759CC005A8B8A /* LoginViewController.swift in Sources */,
				39DBBE572B87ABB4005A8B8A /* Login.swift in Sources */,
				39DBBE332B875969005A8B8A /* ViewController.swift in Sources */,
				39DBBE2F2B875969005A8B8A /* AppDelegate.swift in Sources */,
				39DBBE482B875BAC005A8B8A /* guideLabel.swift in Sources */,
				39DBBE552B876906005A8B8A /* Observable.swift in Sources */,
				39DBBE532B8764E8005A8B8A /* LoginViewModel.swift in Sources */,
				39DBBE312B875969005A8B8A /* SceneDelegate.swift in Sources */,
				39DBBE4C2B875C52005A8B8A /* BaseViewController.swift in Sources */,
				39DBBE452B875A1F005A8B8A /* inputTextField.swift in Sources */,
			);
			runOnlyForDeploymentPostprocessing = 0;
		};
/* End PBXSourcesBuildPhase section */

/* Begin PBXVariantGroup section */
		39DBBE342B875969005A8B8A /* Main.storyboard */ = {
			isa = PBXVariantGroup;
			children = (
				39DBBE352B875969005A8B8A /* Base */,
			);
			name = Main.storyboard;
			sourceTree = "<group>";
		};
		39DBBE392B87596C005A8B8A /* LaunchScreen.storyboard */ = {
			isa = PBXVariantGroup;
			children = (
				39DBBE3A2B87596C005A8B8A /* Base */,
			);
			name = LaunchScreen.storyboard;
			sourceTree = "<group>";
		};
/* End PBXVariantGroup section */

/* Begin XCBuildConfiguration section */
		39DBBE3D2B87596C005A8B8A /* Debug */ = {
			isa = XCBuildConfiguration;
			buildSettings = {
				ALWAYS_SEARCH_USER_PATHS = NO;
				ASSETCATALOG_COMPILER_GENERATE_SWIFT_ASSET_SYMBOL_EXTENSIONS = YES;
				CLANG_ANALYZER_NONNULL = YES;
				CLANG_ANALYZER_NUMBER_OBJECT_CONVERSION = YES_AGGRESSIVE;
				CLANG_CXX_LANGUAGE_STANDARD = "gnu++20";
				CLANG_ENABLE_MODULES = YES;
				CLANG_ENABLE_OBJC_ARC = YES;
				CLANG_ENABLE_OBJC_WEAK = YES;
				CLANG_WARN_BLOCK_CAPTURE_AUTORELEASING = YES;
				CLANG_WARN_BOOL_CONVERSION = YES;
				CLANG_WARN_COMMA = YES;
				CLANG_WARN_CONSTANT_CONVERSION = YES;
				CLANG_WARN_DEPRECATED_OBJC_IMPLEMENTATIONS = YES;
				CLANG_WARN_DIRECT_OBJC_ISA_USAGE = YES_ERROR;
				CLANG_WARN_DOCUMENTATION_COMMENTS = YES;
				CLANG_WARN_EMPTY_BODY = YES;
				CLANG_WARN_ENUM_CONVERSION = YES;
				CLANG_WARN_INFINITE_RECURSION = YES;
				CLANG_WARN_INT_CONVERSION = YES;
				CLANG_WARN_NON_LITERAL_NULL_CONVERSION = YES;
				CLANG_WARN_OBJC_IMPLICIT_RETAIN_SELF = YES;
				CLANG_WARN_OBJC_LITERAL_CONVERSION = YES;
				CLANG_WARN_OBJC_ROOT_CLASS = YES_ERROR;
				CLANG_WARN_QUOTED_INCLUDE_IN_FRAMEWORK_HEADER = YES;
				CLANG_WARN_RANGE_LOOP_ANALYSIS = YES;
				CLANG_WARN_STRICT_PROTOTYPES = YES;
				CLANG_WARN_SUSPICIOUS_MOVE = YES;
				CLANG_WARN_UNGUARDED_AVAILABILITY = YES_AGGRESSIVE;
				CLANG_WARN_UNREACHABLE_CODE = YES;
				CLANG_WARN__DUPLICATE_METHOD_MATCH = YES;
				COPY_PHASE_STRIP = NO;
				DEBUG_INFORMATION_FORMAT = dwarf;
				ENABLE_STRICT_OBJC_MSGSEND = YES;
				ENABLE_TESTABILITY = YES;
				ENABLE_USER_SCRIPT_SANDBOXING = YES;
				GCC_C_LANGUAGE_STANDARD = gnu17;
				GCC_DYNAMIC_NO_PIC = NO;
				GCC_NO_COMMON_BLOCKS = YES;
				GCC_OPTIMIZATION_LEVEL = 0;
				GCC_PREPROCESSOR_DEFINITIONS = (
					"DEBUG=1",
					"$(inherited)",
				);
				GCC_WARN_64_TO_32_BIT_CONVERSION = YES;
				GCC_WARN_ABOUT_RETURN_TYPE = YES_ERROR;
				GCC_WARN_UNDECLARED_SELECTOR = YES;
				GCC_WARN_UNINITIALIZED_AUTOS = YES_AGGRESSIVE;
				GCC_WARN_UNUSED_FUNCTION = YES;
				GCC_WARN_UNUSED_VARIABLE = YES;
				IPHONEOS_DEPLOYMENT_TARGET = 17.2;
				LOCALIZATION_PREFERS_STRING_CATALOGS = YES;
				MTL_ENABLE_DEBUG_INFO = INCLUDE_SOURCE;
				MTL_FAST_MATH = YES;
				ONLY_ACTIVE_ARCH = YES;
				SDKROOT = iphoneos;
				SWIFT_ACTIVE_COMPILATION_CONDITIONS = "DEBUG $(inherited)";
				SWIFT_OPTIMIZATION_LEVEL = "-Onone";
			};
			name = Debug;
		};
		39DBBE3E2B87596C005A8B8A /* Release */ = {
			isa = XCBuildConfiguration;
			buildSettings = {
				ALWAYS_SEARCH_USER_PATHS = NO;
				ASSETCATALOG_COMPILER_GENERATE_SWIFT_ASSET_SYMBOL_EXTENSIONS = YES;
				CLANG_ANALYZER_NONNULL = YES;
				CLANG_ANALYZER_NUMBER_OBJECT_CONVERSION = YES_AGGRESSIVE;
				CLANG_CXX_LANGUAGE_STANDARD = "gnu++20";
				CLANG_ENABLE_MODULES = YES;
				CLANG_ENABLE_OBJC_ARC = YES;
				CLANG_ENABLE_OBJC_WEAK = YES;
				CLANG_WARN_BLOCK_CAPTURE_AUTORELEASING = YES;
				CLANG_WARN_BOOL_CONVERSION = YES;
				CLANG_WARN_COMMA = YES;
				CLANG_WARN_CONSTANT_CONVERSION = YES;
				CLANG_WARN_DEPRECATED_OBJC_IMPLEMENTATIONS = YES;
				CLANG_WARN_DIRECT_OBJC_ISA_USAGE = YES_ERROR;
				CLANG_WARN_DOCUMENTATION_COMMENTS = YES;
				CLANG_WARN_EMPTY_BODY = YES;
				CLANG_WARN_ENUM_CONVERSION = YES;
				CLANG_WARN_INFINITE_RECURSION = YES;
				CLANG_WARN_INT_CONVERSION = YES;
				CLANG_WARN_NON_LITERAL_NULL_CONVERSION = YES;
				CLANG_WARN_OBJC_IMPLICIT_RETAIN_SELF = YES;
				CLANG_WARN_OBJC_LITERAL_CONVERSION = YES;
				CLANG_WARN_OBJC_ROOT_CLASS = YES_ERROR;
				CLANG_WARN_QUOTED_INCLUDE_IN_FRAMEWORK_HEADER = YES;
				CLANG_WARN_RANGE_LOOP_ANALYSIS = YES;
				CLANG_WARN_STRICT_PROTOTYPES = YES;
				CLANG_WARN_SUSPICIOUS_MOVE = YES;
				CLANG_WARN_UNGUARDED_AVAILABILITY = YES_AGGRESSIVE;
				CLANG_WARN_UNREACHABLE_CODE = YES;
				CLANG_WARN__DUPLICATE_METHOD_MATCH = YES;
				COPY_PHASE_STRIP = NO;
				DEBUG_INFORMATION_FORMAT = "dwarf-with-dsym";
				ENABLE_NS_ASSERTIONS = NO;
				ENABLE_STRICT_OBJC_MSGSEND = YES;
				ENABLE_USER_SCRIPT_SANDBOXING = YES;
				GCC_C_LANGUAGE_STANDARD = gnu17;
				GCC_NO_COMMON_BLOCKS = YES;
				GCC_WARN_64_TO_32_BIT_CONVERSION = YES;
				GCC_WARN_ABOUT_RETURN_TYPE = YES_ERROR;
				GCC_WARN_UNDECLARED_SELECTOR = YES;
				GCC_WARN_UNINITIALIZED_AUTOS = YES_AGGRESSIVE;
				GCC_WARN_UNUSED_FUNCTION = YES;
				GCC_WARN_UNUSED_VARIABLE = YES;
				IPHONEOS_DEPLOYMENT_TARGET = 17.2;
				LOCALIZATION_PREFERS_STRING_CATALOGS = YES;
				MTL_ENABLE_DEBUG_INFO = NO;
				MTL_FAST_MATH = YES;
				SDKROOT = iphoneos;
				SWIFT_COMPILATION_MODE = wholemodule;
				VALIDATE_PRODUCT = YES;
			};
			name = Release;
		};
		39DBBE402B87596C005A8B8A /* Debug */ = {
			isa = XCBuildConfiguration;
			buildSettings = {
				ASSETCATALOG_COMPILER_APPICON_NAME = AppIcon;
				ASSETCATALOG_COMPILER_GLOBAL_ACCENT_COLOR_NAME = AccentColor;
				CODE_SIGN_STYLE = Automatic;
				CURRENT_PROJECT_VERSION = 1;
				GENERATE_INFOPLIST_FILE = YES;
				INFOPLIST_FILE = PracticeMVVM/Info.plist;
				INFOPLIST_KEY_UIApplicationSupportsIndirectInputEvents = YES;
				INFOPLIST_KEY_UILaunchStoryboardName = LaunchScreen;
				INFOPLIST_KEY_UIMainStoryboardFile = Main;
				INFOPLIST_KEY_UISupportedInterfaceOrientations_iPad = "UIInterfaceOrientationPortrait UIInterfaceOrientationPortraitUpsideDown UIInterfaceOrientationLandscapeLeft UIInterfaceOrientationLandscapeRight";
				INFOPLIST_KEY_UISupportedInterfaceOrientations_iPhone = "UIInterfaceOrientationPortrait UIInterfaceOrientationLandscapeLeft UIInterfaceOrientationLandscapeRight";
				LD_RUNPATH_SEARCH_PATHS = (
					"$(inherited)",
					"@executable_path/Frameworks",
				);
				MARKETING_VERSION = 1.0;
				PRODUCT_BUNDLE_IDENTIFIER = com.mje0211.PracticeMVVM;
				PRODUCT_NAME = "$(TARGET_NAME)";
				SUPPORTED_PLATFORMS = "iphoneos iphonesimulator";
				SUPPORTS_MACCATALYST = NO;
				SUPPORTS_MAC_DESIGNED_FOR_IPHONE_IPAD = NO;
				SUPPORTS_XR_DESIGNED_FOR_IPHONE_IPAD = NO;
				SWIFT_EMIT_LOC_STRINGS = YES;
				SWIFT_VERSION = 5.0;
				TARGETED_DEVICE_FAMILY = 1;
			};
			name = Debug;
		};
		39DBBE412B87596C005A8B8A /* Release */ = {
			isa = XCBuildConfiguration;
			buildSettings = {
				ASSETCATALOG_COMPILER_APPICON_NAME = AppIcon;
				ASSETCATALOG_COMPILER_GLOBAL_ACCENT_COLOR_NAME = AccentColor;
				CODE_SIGN_STYLE = Automatic;
				CURRENT_PROJECT_VERSION = 1;
				GENERATE_INFOPLIST_FILE = YES;
				INFOPLIST_FILE = PracticeMVVM/Info.plist;
				INFOPLIST_KEY_UIApplicationSupportsIndirectInputEvents = YES;
				INFOPLIST_KEY_UILaunchStoryboardName = LaunchScreen;
				INFOPLIST_KEY_UIMainStoryboardFile = Main;
				INFOPLIST_KEY_UISupportedInterfaceOrientations_iPad = "UIInterfaceOrientationPortrait UIInterfaceOrientationPortraitUpsideDown UIInterfaceOrientationLandscapeLeft UIInterfaceOrientationLandscapeRight";
				INFOPLIST_KEY_UISupportedInterfaceOrientations_iPhone = "UIInterfaceOrientationPortrait UIInterfaceOrientationLandscapeLeft UIInterfaceOrientationLandscapeRight";
				LD_RUNPATH_SEARCH_PATHS = (
					"$(inherited)",
					"@executable_path/Frameworks",
				);
				MARKETING_VERSION = 1.0;
				PRODUCT_BUNDLE_IDENTIFIER = com.mje0211.PracticeMVVM;
				PRODUCT_NAME = "$(TARGET_NAME)";
				SUPPORTED_PLATFORMS = "iphoneos iphonesimulator";
				SUPPORTS_MACCATALYST = NO;
				SUPPORTS_MAC_DESIGNED_FOR_IPHONE_IPAD = NO;
				SUPPORTS_XR_DESIGNED_FOR_IPHONE_IPAD = NO;
				SWIFT_EMIT_LOC_STRINGS = YES;
				SWIFT_VERSION = 5.0;
				TARGETED_DEVICE_FAMILY = 1;
			};
			name = Release;
		};
/* End XCBuildConfiguration section */

/* Begin XCConfigurationList section */
		39DBBE262B875969005A8B8A /* Build configuration list for PBXProject "PracticeMVVM" */ = {
			isa = XCConfigurationList;
			buildConfigurations = (
				39DBBE3D2B87596C005A8B8A /* Debug */,
				39DBBE3E2B87596C005A8B8A /* Release */,
			);
			defaultConfigurationIsVisible = 0;
			defaultConfigurationName = Release;
		};
		39DBBE3F2B87596C005A8B8A /* Build configuration list for PBXNativeTarget "PracticeMVVM" */ = {
			isa = XCConfigurationList;
			buildConfigurations = (
				39DBBE402B87596C005A8B8A /* Debug */,
				39DBBE412B87596C005A8B8A /* Release */,
			);
			defaultConfigurationIsVisible = 0;
			defaultConfigurationName = Release;
		};
/* End XCConfigurationList section */

/* Begin XCRemoteSwiftPackageReference section */
		39DBBE4D2B875D35005A8B8A /* XCRemoteSwiftPackageReference "SnapKit" */ = {
			isa = XCRemoteSwiftPackageReference;
			repositoryURL = "https://github.com/SnapKit/SnapKit.git";
			requirement = {
				kind = upToNextMajorVersion;
				minimumVersion = 5.7.1;
			};
		};
/* End XCRemoteSwiftPackageReference section */

/* Begin XCSwiftPackageProductDependency section */
		39DBBE4E2B875D35005A8B8A /* SnapKit */ = {
			isa = XCSwiftPackageProductDependency;
			package = 39DBBE4D2B875D35005A8B8A /* XCRemoteSwiftPackageReference "SnapKit" */;
			productName = SnapKit;
		};
		39DBBE502B875D35005A8B8A /* SnapKit-Dynamic */ = {
			isa = XCSwiftPackageProductDependency;
			package = 39DBBE4D2B875D35005A8B8A /* XCRemoteSwiftPackageReference "SnapKit" */;
			productName = "SnapKit-Dynamic";
		};
/* End XCSwiftPackageProductDependency section */
	};
	rootObject = 39DBBE232B875969005A8B8A /* Project object */;
}
